
Microsoft Visual Studio Solution File, Format Version 12.00
# Visual Studio Version 17
VisualStudioVersion = 17.6.33829.357
MinimumVisualStudioVersion = 10.0.40219.1
Project("{FAE04EC0-301F-11D3-BF4B-00C04F79EFBC}") = "10.3", "10.3\10.3.csproj", "{FBE09E73-F78D-4588-BF07-639C4A1F097A}"
EndProject
Global
	GlobalSection(SolutionConfigurationPlatforms) = preSolution
		Debug|Any CPU = Debug|Any CPU
		Release|Any CPU = Release|Any CPU
	EndGlobalSection
	GlobalSection(ProjectConfigurationPlatforms) = postSolution
		{FBE09E73-F78D-4588-BF07-639C4A1F097A}.Debug|Any CPU.ActiveCfg = Debug|Any CPU
		{FBE09E73-F78D-4588-BF07-639C4A1F097A}.Debug|Any CPU.Build.0 = Debug|Any CPU
		{FBE09E73-F78D-4588-BF07-639C4A1F097A}.Release|Any CPU.ActiveCfg = Release|Any CPU
		{FBE09E73-F78D-4588-BF07-639C4A1F097A}.Release|Any CPU.Build.0 = Release|Any CPU
	EndGlobalSection
	GlobalSection(SolutionProperties) = preSolution
		HideSolutionNode = FALSE
	EndGlobalSection
	GlobalSection(ExtensibilityGlobals) = postSolution
		SolutionGuid = {E6FE02F3-EC5B-4074-8F4F-D468EE7BF507}
	EndGlobalSection
EndGlobal
